
Microsoft Visual Studio Solution File, Format Version 12.00
# Visual Studio Version 16
VisualStudioVersion = 16.0.30406.217
MinimumVisualStudioVersion = 10.0.40219.1
Project("{FAE04EC0-301F-11D3-BF4B-00C04F79EFBC}") = "AdventureGame", "AdventureGame.csproj", "{AF608FEB-3CAC-4D4C-8951-1364019F56F1}"
EndProject
Global
	GlobalSection(SolutionConfigurationPlatforms) = preSolution
		Debug|Any CPU = Debug|Any CPU
		Release|Any CPU = Release|Any CPU
	EndGlobalSection
	GlobalSection(ProjectConfigurationPlatforms) = postSolution
		{AF608FEB-3CAC-4D4C-8951-1364019F56F1}.Debug|Any CPU.ActiveCfg = Debug|Any CPU
		{AF608FEB-3CAC-4D4C-8951-1364019F56F1}.Debug|Any CPU.Build.0 = Debug|Any CPU
		{AF608FEB-3CAC-4D4C-8951-1364019F56F1}.Release|Any CPU.ActiveCfg = Release|Any CPU
		{AF608FEB-3CAC-4D4C-8951-1364019F56F1}.Release|Any CPU.Build.0 = Release|Any CPU
	EndGlobalSection
	GlobalSection(SolutionProperties) = preSolution
		HideSolutionNode = FALSE
	EndGlobalSection
	GlobalSection(ExtensibilityGlobals) = postSolution
		SolutionGuid = {CF4CE93A-8BC5-4CFF-8DD4-FD5EF0268C09}
	EndGlobalSection
EndGlobal
